
Microsoft Visual Studio Solution File, Format Version 12.00
# Visual Studio Version 17
VisualStudioVersion = 17.11.35222.181
MinimumVisualStudioVersion = 10.0.40219.1
Project("{FAE04EC0-301F-11D3-BF4B-00C04F79EFBC}") = "backend", "backend.csproj", "{9281923D-E9CA-43F0-882C-41E7E2983BCC}"
EndProject
Global
	GlobalSection(SolutionConfigurationPlatforms) = preSolution
		Debug|Any CPU = Debug|Any CPU
		Release|Any CPU = Release|Any CPU
	EndGlobalSection
	GlobalSection(ProjectConfigurationPlatforms) = postSolution
		{9281923D-E9CA-43F0-882C-41E7E2983BCC}.Debug|Any CPU.ActiveCfg = Debug|Any CPU
		{9281923D-E9CA-43F0-882C-41E7E2983BCC}.Debug|Any CPU.Build.0 = Debug|Any CPU
		{9281923D-E9CA-43F0-882C-41E7E2983BCC}.Release|Any CPU.ActiveCfg = Release|Any CPU
		{9281923D-E9CA-43F0-882C-41E7E2983BCC}.Release|Any CPU.Build.0 = Release|Any CPU
	EndGlobalSection
	GlobalSection(SolutionProperties) = preSolution
		HideSolutionNode = FALSE
	EndGlobalSection
	GlobalSection(ExtensibilityGlobals) = postSolution
		SolutionGuid = {AB9D006D-E203-4ACC-9556-6A41C0B205E4}
	EndGlobalSection
EndGlobal
